<?xml version="1.0" encoding="utf-8"?>
<Project ToolsVersion="4.0" xmlns="http://schemas.microsoft.com/developer/msbuild/2003">
  <ItemGroup>
    <ClCompile Include="C:\HOME\sf_cpp_hackatone1\src\Actions.cpp">
      <Filter>Source Files</Filter>
    </ClCompile>
    <ClCompile Include="C:\HOME\sf_cpp_hackatone1\src\AdapterInterAction.cpp">
      <Filter>Source Files</Filter>
    </ClCompile>
    <ClCompile Include="C:\HOME\sf_cpp_hackatone1\src\Channel.cpp">
      <Filter>Source Files</Filter>
    </ClCompile>
    <ClCompile Include="C:\HOME\sf_cpp_hackatone1\src\InterActionConsole.cpp">
      <Filter>Source Files</Filter>
    </ClCompile>
    <ClCompile Include="C:\HOME\sf_cpp_hackatone1\src\Messages.cpp">
      <Filter>Source Files</Filter>
    </ClCompile>
    <ClCompile Include="C:\HOME\sf_cpp_hackatone1\src\Receiver.cpp">
      <Filter>Source Files</Filter>
    </ClCompile>
    <ClCompile Include="C:\HOME\sf_cpp_hackatone1\src\Sender.cpp">
      <Filter>Source Files</Filter>
    </ClCompile>
    <ClCompile Include="C:\HOME\sf_cpp_hackatone1\src\Users.cpp">
      <Filter>Source Files</Filter>
    </ClCompile>
    <ClCompile Include="C:\HOME\sf_cpp_hackatone1\Client.cpp">
      <Filter>Source Files</Filter>
    </ClCompile>
  </ItemGroup>
  <ItemGroup>
    <CustomBuild Include="C:\HOME\sf_cpp_hackatone1\CMakeLists.txt" />
  </ItemGroup>
  <ItemGroup>
    <Filter Include="Source Files">
      <UniqueIdentifier>{33B3C59A-A07D-3FB9-8349-15D55C7F2C3E}</UniqueIdentifier>
    </Filter>
  </ItemGroup>
</Project>
