
Microsoft Visual Studio Solution File, Format Version 12.00
# Visual Studio Express 2012 for Windows Desktop
Project("{8BC9CEB8-8B4A-11D0-8D11-00A0C91BC942}") = "ALL_BUILD", "ALL_BUILD.vcxproj", "{6A163608-6633-3ABE-92B0-3FBBC5902235}"
	ProjectSection(ProjectDependencies) = postProject
		{FF74864A-4325-3A9F-8E97-457E14448E0B} = {FF74864A-4325-3A9F-8E97-457E14448E0B}
		{0E4F7C25-706D-3E40-B132-82ED677A922E} = {0E4F7C25-706D-3E40-B132-82ED677A922E}
	EndProjectSection
EndProject
Project("{8BC9CEB8-8B4A-11D0-8D11-00A0C91BC942}") = "Client", "Client.vcxproj", "{FF74864A-4325-3A9F-8E97-457E14448E0B}"
	ProjectSection(ProjectDependencies) = postProject
		{0E4F7C25-706D-3E40-B132-82ED677A922E} = {0E4F7C25-706D-3E40-B132-82ED677A922E}
	EndProjectSection
EndProject
Project("{8BC9CEB8-8B4A-11D0-8D11-00A0C91BC942}") = "ZERO_CHECK", "ZERO_CHECK.vcxproj", "{0E4F7C25-706D-3E40-B132-82ED677A922E}"
	ProjectSection(ProjectDependencies) = postProject
	EndProjectSection
EndProject
Global
	GlobalSection(SolutionConfigurationPlatforms) = preSolution
		Debug|x64 = Debug|x64
		Release|x64 = Release|x64
		MinSizeRel|x64 = MinSizeRel|x64
		RelWithDebInfo|x64 = RelWithDebInfo|x64
	EndGlobalSection
	GlobalSection(ProjectConfigurationPlatforms) = postSolution
		{6A163608-6633-3ABE-92B0-3FBBC5902235}.Debug|x64.ActiveCfg = Debug|x64
		{6A163608-6633-3ABE-92B0-3FBBC5902235}.Release|x64.ActiveCfg = Release|x64
		{6A163608-6633-3ABE-92B0-3FBBC5902235}.MinSizeRel|x64.ActiveCfg = MinSizeRel|x64
		{6A163608-6633-3ABE-92B0-3FBBC5902235}.RelWithDebInfo|x64.ActiveCfg = RelWithDebInfo|x64
		{FF74864A-4325-3A9F-8E97-457E14448E0B}.Debug|x64.ActiveCfg = Debug|x64
		{FF74864A-4325-3A9F-8E97-457E14448E0B}.Debug|x64.Build.0 = Debug|x64
		{FF74864A-4325-3A9F-8E97-457E14448E0B}.Release|x64.ActiveCfg = Release|x64
		{FF74864A-4325-3A9F-8E97-457E14448E0B}.Release|x64.Build.0 = Release|x64
		{FF74864A-4325-3A9F-8E97-457E14448E0B}.MinSizeRel|x64.ActiveCfg = MinSizeRel|x64
		{FF74864A-4325-3A9F-8E97-457E14448E0B}.MinSizeRel|x64.Build.0 = MinSizeRel|x64
		{FF74864A-4325-3A9F-8E97-457E14448E0B}.RelWithDebInfo|x64.ActiveCfg = RelWithDebInfo|x64
		{FF74864A-4325-3A9F-8E97-457E14448E0B}.RelWithDebInfo|x64.Build.0 = RelWithDebInfo|x64
		{0E4F7C25-706D-3E40-B132-82ED677A922E}.Debug|x64.ActiveCfg = Debug|x64
		{0E4F7C25-706D-3E40-B132-82ED677A922E}.Debug|x64.Build.0 = Debug|x64
		{0E4F7C25-706D-3E40-B132-82ED677A922E}.Release|x64.ActiveCfg = Release|x64
		{0E4F7C25-706D-3E40-B132-82ED677A922E}.Release|x64.Build.0 = Release|x64
		{0E4F7C25-706D-3E40-B132-82ED677A922E}.MinSizeRel|x64.ActiveCfg = MinSizeRel|x64
		{0E4F7C25-706D-3E40-B132-82ED677A922E}.MinSizeRel|x64.Build.0 = MinSizeRel|x64
		{0E4F7C25-706D-3E40-B132-82ED677A922E}.RelWithDebInfo|x64.ActiveCfg = RelWithDebInfo|x64
		{0E4F7C25-706D-3E40-B132-82ED677A922E}.RelWithDebInfo|x64.Build.0 = RelWithDebInfo|x64
	EndGlobalSection
	GlobalSection(ExtensibilityGlobals) = postSolution
		SolutionGuid = {8E4502A2-B3FF-37CD-93BD-D97350E73D6C}
	EndGlobalSection
	GlobalSection(ExtensibilityAddIns) = postSolution
	EndGlobalSection
EndGlobal
